Microsoft Visual Studio Solution File, Format Version 12.00
# Visual Studio Version 17
VisualStudioVersion = 17.5.2.0
MinimumVisualStudioVersion = 10.0.40219.1
Project("{FAE04EC0-301F-11D3-BF4B-00C04F79EFBC}") = "ProjetoUrbano", "ProjetoUrbano.csproj", "{6B8EC66B-CCD6-6C43-C016-6C42C3C494CE}"
EndProject
Global
	GlobalSection(SolutionConfigurationPlatforms) = preSolution
		Debug|Any CPU = Debug|Any CPU
		Release|Any CPU = Release|Any CPU
	EndGlobalSection
	GlobalSection(ProjectConfigurationPlatforms) = postSolution
		{6B8EC66B-CCD6-6C43-C016-6C42C3C494CE}.Debug|Any CPU.ActiveCfg = Debug|Any CPU
		{6B8EC66B-CCD6-6C43-C016-6C42C3C494CE}.Debug|Any CPU.Build.0 = Debug|Any CPU
		{6B8EC66B-CCD6-6C43-C016-6C42C3C494CE}.Release|Any CPU.ActiveCfg = Release|Any CPU
		{6B8EC66B-CCD6-6C43-C016-6C42C3C494CE}.Release|Any CPU.Build.0 = Release|Any CPU
	EndGlobalSection
	GlobalSection(SolutionProperties) = preSolution
		HideSolutionNode = FALSE
	EndGlobalSection
	GlobalSection(ExtensibilityGlobals) = postSolution
		SolutionGuid = {AF336BEC-589C-464A-BD35-0015710E9D26}
	EndGlobalSection
EndGlobal
